
Microsoft Visual Studio Solution File, Format Version 12.00
# Visual Studio Version 16
VisualStudioVersion = 16.0.29102.190
MinimumVisualStudioVersion = 10.0.40219.1
Project("{FAE04EC0-301F-11D3-BF4B-00C04F79EFBC}") = "SpeakIt!", "SpeakIt!\SpeakIt!.csproj", "{53B48F22-E054-4FD2-96C8-33833306214E}"
EndProject
Global
	GlobalSection(SolutionConfigurationPlatforms) = preSolution
		Debug|Any CPU = Debug|Any CPU
		Release|Any CPU = Release|Any CPU
	EndGlobalSection
	GlobalSection(ProjectConfigurationPlatforms) = postSolution
		{53B48F22-E054-4FD2-96C8-33833306214E}.Debug|Any CPU.ActiveCfg = Debug|Any CPU
		{53B48F22-E054-4FD2-96C8-33833306214E}.Debug|Any CPU.Build.0 = Debug|Any CPU
		{53B48F22-E054-4FD2-96C8-33833306214E}.Release|Any CPU.ActiveCfg = Release|Any CPU
		{53B48F22-E054-4FD2-96C8-33833306214E}.Release|Any CPU.Build.0 = Release|Any CPU
	EndGlobalSection
	GlobalSection(SolutionProperties) = preSolution
		HideSolutionNode = FALSE
	EndGlobalSection
	GlobalSection(ExtensibilityGlobals) = postSolution
		SolutionGuid = {F73C9A57-A010-4F91-A66B-CEB1F2E09CC7}
	EndGlobalSection
EndGlobal
